
Microsoft Visual Studio Solution File, Format Version 12.00
# Visual Studio 15
VisualStudioVersion = 15.0.26124.0
MinimumVisualStudioVersion = 15.0.26124.0
Project("{FAE04EC0-301F-11D3-BF4B-00C04F79EFBC}") = "Brigit", "Brigit\Brigit.csproj", "{939DC54B-5C2F-4479-8440-28F2E4280AB4}"
EndProject
Project("{FAE04EC0-301F-11D3-BF4B-00C04F79EFBC}") = "BrigitTests", "Brigit.Tests\BrigitTests.csproj", "{3F2538B5-2A7B-42EC-8E97-CA3CA458988A}"
EndProject
Global
	GlobalSection(SolutionConfigurationPlatforms) = preSolution
		Debug|Any CPU = Debug|Any CPU
		Debug|x64 = Debug|x64
		Debug|x86 = Debug|x86
		Release|Any CPU = Release|Any CPU
		Release|x64 = Release|x64
		Release|x86 = Release|x86
	EndGlobalSection
	GlobalSection(SolutionProperties) = preSolution
		HideSolutionNode = FALSE
	EndGlobalSection
	GlobalSection(ProjectConfigurationPlatforms) = postSolution
		{939DC54B-5C2F-4479-8440-28F2E4280AB4}.Debug|Any CPU.ActiveCfg = Debug|Any CPU
		{939DC54B-5C2F-4479-8440-28F2E4280AB4}.Debug|Any CPU.Build.0 = Debug|Any CPU
		{939DC54B-5C2F-4479-8440-28F2E4280AB4}.Debug|x64.ActiveCfg = Debug|x64
		{939DC54B-5C2F-4479-8440-28F2E4280AB4}.Debug|x64.Build.0 = Debug|x64
		{939DC54B-5C2F-4479-8440-28F2E4280AB4}.Debug|x86.ActiveCfg = Debug|x86
		{939DC54B-5C2F-4479-8440-28F2E4280AB4}.Debug|x86.Build.0 = Debug|x86
		{939DC54B-5C2F-4479-8440-28F2E4280AB4}.Release|Any CPU.ActiveCfg = Release|Any CPU
		{939DC54B-5C2F-4479-8440-28F2E4280AB4}.Release|Any CPU.Build.0 = Release|Any CPU
		{939DC54B-5C2F-4479-8440-28F2E4280AB4}.Release|x64.ActiveCfg = Release|x64
		{939DC54B-5C2F-4479-8440-28F2E4280AB4}.Release|x64.Build.0 = Release|x64
		{939DC54B-5C2F-4479-8440-28F2E4280AB4}.Release|x86.ActiveCfg = Release|x86
		{939DC54B-5C2F-4479-8440-28F2E4280AB4}.Release|x86.Build.0 = Release|x86
		{F3DA2B08-99D9-4B75-9912-B94E02C18BC9}.Debug|Any CPU.ActiveCfg = Debug|Any CPU
		{F3DA2B08-99D9-4B75-9912-B94E02C18BC9}.Debug|Any CPU.Build.0 = Debug|Any CPU
		{F3DA2B08-99D9-4B75-9912-B94E02C18BC9}.Debug|x64.ActiveCfg = Debug|x64
		{F3DA2B08-99D9-4B75-9912-B94E02C18BC9}.Debug|x64.Build.0 = Debug|x64
		{F3DA2B08-99D9-4B75-9912-B94E02C18BC9}.Debug|x86.ActiveCfg = Debug|x86
		{F3DA2B08-99D9-4B75-9912-B94E02C18BC9}.Debug|x86.Build.0 = Debug|x86
		{F3DA2B08-99D9-4B75-9912-B94E02C18BC9}.Release|Any CPU.ActiveCfg = Release|Any CPU
		{F3DA2B08-99D9-4B75-9912-B94E02C18BC9}.Release|Any CPU.Build.0 = Release|Any CPU
		{F3DA2B08-99D9-4B75-9912-B94E02C18BC9}.Release|x64.ActiveCfg = Release|x64
		{F3DA2B08-99D9-4B75-9912-B94E02C18BC9}.Release|x64.Build.0 = Release|x64
		{F3DA2B08-99D9-4B75-9912-B94E02C18BC9}.Release|x86.ActiveCfg = Release|x86
		{F3DA2B08-99D9-4B75-9912-B94E02C18BC9}.Release|x86.Build.0 = Release|x86
		{3F2538B5-2A7B-42EC-8E97-CA3CA458988A}.Debug|Any CPU.ActiveCfg = Debug|Any CPU
		{3F2538B5-2A7B-42EC-8E97-CA3CA458988A}.Debug|Any CPU.Build.0 = Debug|Any CPU
		{3F2538B5-2A7B-42EC-8E97-CA3CA458988A}.Debug|x64.ActiveCfg = Debug|x64
		{3F2538B5-2A7B-42EC-8E97-CA3CA458988A}.Debug|x64.Build.0 = Debug|x64
		{3F2538B5-2A7B-42EC-8E97-CA3CA458988A}.Debug|x86.ActiveCfg = Debug|x86
		{3F2538B5-2A7B-42EC-8E97-CA3CA458988A}.Debug|x86.Build.0 = Debug|x86
		{3F2538B5-2A7B-42EC-8E97-CA3CA458988A}.Release|Any CPU.ActiveCfg = Release|Any CPU
		{3F2538B5-2A7B-42EC-8E97-CA3CA458988A}.Release|Any CPU.Build.0 = Release|Any CPU
		{3F2538B5-2A7B-42EC-8E97-CA3CA458988A}.Release|x64.ActiveCfg = Release|x64
		{3F2538B5-2A7B-42EC-8E97-CA3CA458988A}.Release|x64.Build.0 = Release|x64
		{3F2538B5-2A7B-42EC-8E97-CA3CA458988A}.Release|x86.ActiveCfg = Release|x86
		{3F2538B5-2A7B-42EC-8E97-CA3CA458988A}.Release|x86.Build.0 = Release|x86
	EndGlobalSection
EndGlobal
